// !$*UTF8*$!
{
	archiveVersion = 1;
	classes = {
	};
	objectVersion = 56;
	objects = {

/* Begin PBXBuildFile section */
		WE0000020000000000000002 /* TallyWatch.app in Embed Watch Content */ = {isa = PBXBuildFile; fileRef = W30000010000000000000001 /* TallyWatch.app */; settings = {ATTRIBUTES = (RemoveHeadersOnCopy, ); }; };
		T10000010000000000000001 /* TallyApp.swift in Sources */ = {isa = PBXBuildFile; fileRef = T20000010000000000000001 /* TallyApp.swift */; };
		T10000020000000000000002 /* ContentView.swift in Sources */ = {isa = PBXBuildFile; fileRef = T20000020000000000000002 /* ContentView.swift */; };
		T10000030000000000000003 /* CounterModel.swift in Sources */ = {isa = PBXBuildFile; fileRef = T20000030000000000000003 /* CounterModel.swift */; };
		T10000040000000000000004 /* Assets.xcassets in Resources */ = {isa = PBXBuildFile; fileRef = T20000040000000000000004 /* Assets.xcassets */; };
		T10000050000000000000005 /* BannerAdView.swift in Sources */ = {isa = PBXBuildFile; fileRef = T20000050000000000000005 /* BannerAdView.swift */; };
		T10000060000000000000006 /* SettingsView.swift in Sources */ = {isa = PBXBuildFile; fileRef = T20000060000000000000007 /* SettingsView.swift */; };
		PKG0000030000000000000001 /* GoogleMobileAds in Frameworks */ = {isa = PBXBuildFile; productRef = PKG0000020000000000000001 /* GoogleMobileAds */; };
		W10000010000000000000001 /* TallyWatchApp.swift in Sources */ = {isa = PBXBuildFile; fileRef = W20000010000000000000001 /* TallyWatchApp.swift */; };
		W10000020000000000000002 /* WatchContentView.swift in Sources */ = {isa = PBXBuildFile; fileRef = W20000020000000000000002 /* WatchContentView.swift */; };
		W10000030000000000000003 /* WatchCounterModel.swift in Sources */ = {isa = PBXBuildFile; fileRef = W20000030000000000000003 /* WatchCounterModel.swift */; };
		W10000040000000000000004 /* Assets.xcassets in Resources */ = {isa = PBXBuildFile; fileRef = W20000040000000000000004 /* Assets.xcassets */; };
		X10000010000000000000001 /* TallyWidget.swift in Sources */ = {isa = PBXBuildFile; fileRef = X20000010000000000000001 /* TallyWidget.swift */; };
		X10000020000000000000002 /* Assets.xcassets in Resources */ = {isa = PBXBuildFile; fileRef = X20000020000000000000002 /* Assets.xcassets */; };
		X10000030000000000000003 /* TallyWidgetExtension.appex in Embed Foundation Extensions */ = {isa = PBXBuildFile; fileRef = X30000010000000000000001 /* TallyWidgetExtension.appex */; settings = {ATTRIBUTES = (RemoveHeadersOnCopy, ); }; };
/* End PBXBuildFile section */

/* Begin PBXFileReference section */
		T20000010000000000000001 /* TallyApp.swift */ = {isa = PBXFileReference; lastKnownFileType = sourcecode.swift; path = TallyApp.swift; sourceTree = "<group>"; };
		T20000020000000000000002 /* ContentView.swift */ = {isa = PBXFileReference; lastKnownFileType = sourcecode.swift; path = ContentView.swift; sourceTree = "<group>"; };
		T20000030000000000000003 /* CounterModel.swift */ = {isa = PBXFileReference; lastKnownFileType = sourcecode.swift; path = CounterModel.swift; sourceTree = "<group>"; };
		T20000040000000000000004 /* Assets.xcassets */ = {isa = PBXFileReference; lastKnownFileType = folder.assetcatalog; path = Assets.xcassets; sourceTree = "<group>"; };
		T20000050000000000000005 /* BannerAdView.swift */ = {isa = PBXFileReference; lastKnownFileType = sourcecode.swift; path = BannerAdView.swift; sourceTree = "<group>"; };
		T20000060000000000000006 /* Info.plist */ = {isa = PBXFileReference; lastKnownFileType = text.plist.xml; path = Info.plist; sourceTree = "<group>"; };
		T20000060000000000000007 /* SettingsView.swift */ = {isa = PBXFileReference; lastKnownFileType = sourcecode.swift; path = SettingsView.swift; sourceTree = "<group>"; };
		T30000010000000000000001 /* Tally.app */ = {isa = PBXFileReference; explicitFileType = wrapper.application; includeInIndex = 0; path = Tally.app; sourceTree = BUILT_PRODUCTS_DIR; };
		W20000010000000000000001 /* TallyWatchApp.swift */ = {isa = PBXFileReference; lastKnownFileType = sourcecode.swift; path = TallyWatchApp.swift; sourceTree = "<group>"; };
		W20000020000000000000002 /* WatchContentView.swift */ = {isa = PBXFileReference; lastKnownFileType = sourcecode.swift; path = WatchContentView.swift; sourceTree = "<group>"; };
		W20000030000000000000003 /* WatchCounterModel.swift */ = {isa = PBXFileReference; lastKnownFileType = sourcecode.swift; path = WatchCounterModel.swift; sourceTree = "<group>"; };
		W20000040000000000000004 /* Assets.xcassets */ = {isa = PBXFileReference; lastKnownFileType = folder.assetcatalog; path = Assets.xcassets; sourceTree = "<group>"; };
		W30000010000000000000001 /* TallyWatch.app */ = {isa = PBXFileReference; explicitFileType = wrapper.application; includeInIndex = 0; path = TallyWatch.app; sourceTree = BUILT_PRODUCTS_DIR; };
		X20000010000000000000001 /* TallyWidget.swift */ = {isa = PBXFileReference; lastKnownFileType = sourcecode.swift; path = TallyWidget.swift; sourceTree = "<group>"; };
		X20000020000000000000002 /* Assets.xcassets */ = {isa = PBXFileReference; lastKnownFileType = folder.assetcatalog; path = Assets.xcassets; sourceTree = "<group>"; };
		X30000010000000000000001 /* TallyWidgetExtension.appex */ = {isa = PBXFileReference; explicitFileType = "wrapper.app-extension"; includeInIndex = 0; path = TallyWidgetExtension.appex; sourceTree = BUILT_PRODUCTS_DIR; };
/* End PBXFileReference section */

/* Begin PBXFrameworksBuildPhase section */
		T40000010000000000000001 /* Frameworks */ = {
			isa = PBXFrameworksBuildPhase;
			buildActionMask = 2147483647;
			files = (
				PKG0000030000000000000001 /* GoogleMobileAds in Frameworks */,
			);
			runOnlyForDeploymentPostprocessing = 0;
		};
		X40000010000000000000001 /* Frameworks */ = {
			isa = PBXFrameworksBuildPhase;
			buildActionMask = 2147483647;
			files = (
			);
			runOnlyForDeploymentPostprocessing = 0;
		};
		W40000010000000000000001 /* Frameworks */ = {
			isa = PBXFrameworksBuildPhase;
			buildActionMask = 2147483647;
			files = (
			);
			runOnlyForDeploymentPostprocessing = 0;
		};
/* End PBXFrameworksBuildPhase section */

/* Begin PBXGroup section */
		T50000010000000000000001 /* Root */ = {
			isa = PBXGroup;
			children = (
				T50000020000000000000002 /* Tally */,
				W50000010000000000000001 /* TallyWatch */,
				X50000010000000000000001 /* TallyWidget */,
				T50000030000000000000003 /* Products */,
			);
			sourceTree = "<group>";
		};
		T50000020000000000000002 /* Tally */ = {
			isa = PBXGroup;
			children = (
				T20000010000000000000001 /* TallyApp.swift */,
				T20000020000000000000002 /* ContentView.swift */,
				T20000030000000000000003 /* CounterModel.swift */,
				T20000050000000000000005 /* BannerAdView.swift */,
				T20000060000000000000007 /* SettingsView.swift */,
				T20000040000000000000004 /* Assets.xcassets */,
				T20000060000000000000006 /* Info.plist */,
			);
			path = Tally;
			sourceTree = "<group>";
		};
		W50000010000000000000001 /* TallyWatch */ = {
			isa = PBXGroup;
			children = (
				W20000010000000000000001 /* TallyWatchApp.swift */,
				W20000020000000000000002 /* WatchContentView.swift */,
				W20000030000000000000003 /* WatchCounterModel.swift */,
				W20000040000000000000004 /* Assets.xcassets */,
			);
			path = TallyWatch;
			sourceTree = "<group>";
		};
		T50000030000000000000003 /* Products */ = {
			isa = PBXGroup;
			children = (
				T30000010000000000000001 /* Tally.app */,
				W30000010000000000000001 /* TallyWatch.app */,
				X30000010000000000000001 /* TallyWidgetExtension.appex */,
			);
			name = Products;
			sourceTree = "<group>";
		};
		X50000010000000000000001 /* TallyWidget */ = {
			isa = PBXGroup;
			children = (
				X20000010000000000000001 /* TallyWidget.swift */,
				X20000020000000000000002 /* Assets.xcassets */,
			);
			path = TallyWidget;
			sourceTree = "<group>";
		};
/* End PBXGroup section */

/* Begin PBXContainerItemProxy section */
		X60000020000000000000002 /* PBXContainerItemProxy */ = {
			isa = PBXContainerItemProxy;
			containerPortal = T60000020000000000000002 /* Project object */;
			proxyType = 1;
			remoteGlobalIDString = X60000010000000000000001;
			remoteInfo = TallyWidgetExtension;
		};
		WD0000020000000000000002 /* PBXContainerItemProxy */ = {
			isa = PBXContainerItemProxy;
			containerPortal = T60000020000000000000002 /* Project object */;
			proxyType = 1;
			remoteGlobalIDString = W60000010000000000000001;
			remoteInfo = TallyWatch;
		};
/* End PBXContainerItemProxy section */

/* Begin PBXTargetDependency section */
		X60000030000000000000003 /* PBXTargetDependency */ = {
			isa = PBXTargetDependency;
			target = X60000010000000000000001 /* TallyWidgetExtension */;
			targetProxy = X60000020000000000000002 /* PBXContainerItemProxy */;
		};
		WD0000010000000000000001 /* PBXTargetDependency */ = {
			isa = PBXTargetDependency;
			target = W60000010000000000000001 /* TallyWatch */;
			targetProxy = WD0000020000000000000002 /* PBXContainerItemProxy */;
		};
/* End PBXTargetDependency section */

/* Begin PBXCopyFilesBuildPhase section */
		X70000030000000000000003 /* Embed Foundation Extensions */ = {
			isa = PBXCopyFilesBuildPhase;
			buildActionMask = 2147483647;
			dstPath = "";
			dstSubfolderSpec = 13;
			files = (
				X10000030000000000000003 /* TallyWidgetExtension.appex in Embed Foundation Extensions */,
			);
			name = "Embed Foundation Extensions";
			runOnlyForDeploymentPostprocessing = 0;
		};
		WE0000010000000000000001 /* Embed Watch Content */ = {
			isa = PBXCopyFilesBuildPhase;
			buildActionMask = 2147483647;
			dstPath = "$(CONTENTS_FOLDER_PATH)/Watch";
			dstSubfolderSpec = 16;
			files = (
				WE0000020000000000000002 /* TallyWatch.app in Embed Watch Content */,
			);
			name = "Embed Watch Content";
			runOnlyForDeploymentPostprocessing = 0;
		};
/* End PBXCopyFilesBuildPhase section */

/* Begin PBXNativeTarget section */
		T60000010000000000000001 /* Tally */ = {
			isa = PBXNativeTarget;
			buildConfigurationList = T80000020000000000000002 /* Build configuration list for PBXNativeTarget "Tally" */;
			buildPhases = (
				T70000010000000000000001 /* Sources */,
				T40000010000000000000001 /* Frameworks */,
				T70000020000000000000002 /* Resources */,
				X70000030000000000000003 /* Embed Foundation Extensions */,
				WE0000010000000000000001 /* Embed Watch Content */,
			);
			buildRules = (
			);
			dependencies = (
				X60000030000000000000003 /* PBXTargetDependency */,
				WD0000010000000000000001 /* PBXTargetDependency */,
			);
			name = Tally;
			packageProductDependencies = (
				PKG0000020000000000000001 /* GoogleMobileAds */,
			);
			productName = Tally;
			productReference = T30000010000000000000001 /* Tally.app */;
			productType = "com.apple.product-type.application";
		};
		W60000010000000000000001 /* TallyWatch */ = {
			isa = PBXNativeTarget;
			buildConfigurationList = W80000020000000000000002 /* Build configuration list for PBXNativeTarget "TallyWatch" */;
			buildPhases = (
				W70000010000000000000001 /* Sources */,
				W40000010000000000000001 /* Frameworks */,
				W70000020000000000000002 /* Resources */,
			);
			buildRules = (
			);
			dependencies = (
			);
			name = TallyWatch;
			productName = TallyWatch;
			productReference = W30000010000000000000001 /* TallyWatch.app */;
			productType = "com.apple.product-type.application";
		};
		X60000010000000000000001 /* TallyWidgetExtension */ = {
			isa = PBXNativeTarget;
			buildConfigurationList = X80000010000000000000001 /* Build configuration list for PBXNativeTarget "TallyWidgetExtension" */;
			buildPhases = (
				X70000010000000000000001 /* Sources */,
				X40000010000000000000001 /* Frameworks */,
				X70000020000000000000002 /* Resources */,
			);
			buildRules = (
			);
			dependencies = (
			);
			name = TallyWidgetExtension;
			productName = TallyWidgetExtension;
			productReference = X30000010000000000000001 /* TallyWidgetExtension.appex */;
			productType = "com.apple.product-type.app-extension";
		};
/* End PBXNativeTarget section */

/* Begin PBXProject section */
		T60000020000000000000002 /* Project object */ = {
			isa = PBXProject;
			attributes = {
				BuildIndependentTargetsInParallel = 1;
				LastSwiftUpdateCheck = 1600;
				LastUpgradeCheck = 1600;
				TargetAttributes = {
					T60000010000000000000001 = {
						CreatedOnToolsVersion = 16.0;
					};
					W60000010000000000000001 = {
						CreatedOnToolsVersion = 16.0;
					};
					X60000010000000000000001 = {
						CreatedOnToolsVersion = 16.0;
					};
				};
			};
			buildConfigurationList = T80000010000000000000001 /* Build configuration list for PBXProject "Tally" */;
			compatibilityVersion = "Xcode 14.0";
			developmentRegion = ko;
			hasScannedForEncodings = 0;
			knownRegions = (
				en,
				ko,
				Base,
			);
			mainGroup = T50000010000000000000001 /* Root */;
			packageReferences = (
				PKG0000010000000000000001 /* swift-package-manager-google-mobile-ads */,
			);
			productRefGroup = T50000030000000000000003 /* Products */;
			projectDirPath = "";
			projectRoot = "";
			targets = (
				T60000010000000000000001 /* Tally */,
				W60000010000000000000001 /* TallyWatch */,
				X60000010000000000000001 /* TallyWidgetExtension */,
			);
		};
/* End PBXProject section */

/* Begin XCRemoteSwiftPackageReference section */
		PKG0000010000000000000001 /* swift-package-manager-google-mobile-ads */ = {
			isa = XCRemoteSwiftPackageReference;
			repositoryURL = "https://github.com/googleads/swift-package-manager-google-mobile-ads.git";
			requirement = {
				kind = upToNextMajorVersion;
				minimumVersion = 11.0.0;
			};
		};
/* End XCRemoteSwiftPackageReference section */

/* Begin XCSwiftPackageProductDependency section */
		PKG0000020000000000000001 /* GoogleMobileAds */ = {
			isa = XCSwiftPackageProductDependency;
			package = PKG0000010000000000000001 /* swift-package-manager-google-mobile-ads */;
			productName = GoogleMobileAds;
		};
/* End XCSwiftPackageProductDependency section */

/* Begin PBXResourcesBuildPhase section */
		T70000020000000000000002 /* Resources */ = {
			isa = PBXResourcesBuildPhase;
			buildActionMask = 2147483647;
			files = (
				T10000040000000000000004 /* Assets.xcassets in Resources */,
			);
			runOnlyForDeploymentPostprocessing = 0;
		};
		W70000020000000000000002 /* Resources */ = {
			isa = PBXResourcesBuildPhase;
			buildActionMask = 2147483647;
			files = (
				W10000040000000000000004 /* Assets.xcassets in Resources */,
			);
			runOnlyForDeploymentPostprocessing = 0;
		};
		X70000020000000000000002 /* Resources */ = {
			isa = PBXResourcesBuildPhase;
			buildActionMask = 2147483647;
			files = (
				X10000020000000000000002 /* Assets.xcassets in Resources */,
			);
			runOnlyForDeploymentPostprocessing = 0;
		};
/* End PBXResourcesBuildPhase section */

/* Begin PBXSourcesBuildPhase section */
		T70000010000000000000001 /* Sources */ = {
			isa = PBXSourcesBuildPhase;
			buildActionMask = 2147483647;
			files = (
				T10000010000000000000001 /* TallyApp.swift in Sources */,
				T10000020000000000000002 /* ContentView.swift in Sources */,
				T10000030000000000000003 /* CounterModel.swift in Sources */,
				T10000050000000000000005 /* BannerAdView.swift in Sources */,
				T10000060000000000000006 /* SettingsView.swift in Sources */,
			);
			runOnlyForDeploymentPostprocessing = 0;
		};
		W70000010000000000000001 /* Sources */ = {
			isa = PBXSourcesBuildPhase;
			buildActionMask = 2147483647;
			files = (
				W10000010000000000000001 /* TallyWatchApp.swift in Sources */,
				W10000020000000000000002 /* WatchContentView.swift in Sources */,
				W10000030000000000000003 /* WatchCounterModel.swift in Sources */,
			);
			runOnlyForDeploymentPostprocessing = 0;
		};
		X70000010000000000000001 /* Sources */ = {
			isa = PBXSourcesBuildPhase;
			buildActionMask = 2147483647;
			files = (
				X10000010000000000000001 /* TallyWidget.swift in Sources */,
			);
			runOnlyForDeploymentPostprocessing = 0;
		};
/* End PBXSourcesBuildPhase section */

/* Begin XCBuildConfiguration section */
		T90000010000000000000001 /* Debug */ = {
			isa = XCBuildConfiguration;
			buildSettings = {
				ALWAYS_SEARCH_USER_PATHS = NO;
				ASSETCATALOG_COMPILER_GENERATE_SWIFT_ASSET_SYMBOL_EXTENSIONS = YES;
				CLANG_ANALYZER_NONNULL = YES;
				CLANG_ANALYZER_NUMBER_OBJECT_CONVERSION = YES_AGGRESSIVE;
				CLANG_CXX_LANGUAGE_STANDARD = "gnu++20";
				CLANG_ENABLE_MODULES = YES;
				CLANG_ENABLE_OBJC_ARC = YES;
				CLANG_ENABLE_OBJC_WEAK = YES;
				CLANG_WARN_BLOCK_CAPTURE_AUTORELEASING = YES;
				CLANG_WARN_BOOL_CONVERSION = YES;
				CLANG_WARN_COMMA = YES;
				CLANG_WARN_CONSTANT_CONVERSION = YES;
				CLANG_WARN_DEPRECATED_OBJC_IMPLEMENTATIONS = YES;
				CLANG_WARN_DIRECT_OBJC_ISA_USAGE = YES_ERROR;
				CLANG_WARN_DOCUMENTATION_COMMENTS = YES;
				CLANG_WARN_EMPTY_BODY = YES;
				CLANG_WARN_ENUM_CONVERSION = YES;
				CLANG_WARN_INFINITE_RECURSION = YES;
				CLANG_WARN_INT_CONVERSION = YES;
				CLANG_WARN_NON_LITERAL_NULL_CONVERSION = YES;
				CLANG_WARN_OBJC_IMPLICIT_RETAIN_SELF = YES;
				CLANG_WARN_OBJC_LITERAL_CONVERSION = YES;
				CLANG_WARN_OBJC_ROOT_CLASS = YES_ERROR;
				CLANG_WARN_QUOTED_INCLUDE_IN_FRAMEWORK_HEADER = YES;
				CLANG_WARN_RANGE_LOOP_ANALYSIS = YES;
				CLANG_WARN_STRICT_PROTOTYPES = YES;
				CLANG_WARN_SUSPICIOUS_MOVE = YES;
				CLANG_WARN_UNGUARDED_AVAILABILITY = YES_AGGRESSIVE;
				CLANG_WARN_UNREACHABLE_CODE = YES;
				CLANG_WARN__DUPLICATE_METHOD_MATCH = YES;
				COPY_PHASE_STRIP = NO;
				DEBUG_INFORMATION_FORMAT = dwarf;
				ENABLE_STRICT_OBJC_MSGSEND = YES;
				ENABLE_TESTABILITY = YES;
				ENABLE_USER_SCRIPT_SANDBOXING = YES;
				GCC_C_LANGUAGE_STANDARD = gnu17;
				GCC_DYNAMIC_NO_PIC = NO;
				GCC_NO_COMMON_BLOCKS = YES;
				GCC_OPTIMIZATION_LEVEL = 0;
				GCC_PREPROCESSOR_DEFINITIONS = (
					"DEBUG=1",
					"$(inherited)",
				);
				GCC_WARN_64_TO_32_BIT_CONVERSION = YES;
				GCC_WARN_ABOUT_RETURN_TYPE = YES_ERROR;
				GCC_WARN_UNDECLARED_SELECTOR = YES;
				GCC_WARN_UNINITIALIZED_AUTOS = YES_AGGRESSIVE;
				GCC_WARN_UNUSED_FUNCTION = YES;
				GCC_WARN_UNUSED_VARIABLE = YES;
				IPHONEOS_DEPLOYMENT_TARGET = 17.0;
				LOCALIZATION_PREFERS_STRING_CATALOGS = YES;
				MTL_ENABLE_DEBUG_INFO = INCLUDE_SOURCE;
				MTL_FAST_MATH = YES;
				ONLY_ACTIVE_ARCH = YES;
				SDKROOT = iphoneos;
				SWIFT_ACTIVE_COMPILATION_CONDITIONS = "DEBUG $(inherited)";
				SWIFT_OPTIMIZATION_LEVEL = "-Onone";
			};
			name = Debug;
		};
		T90000020000000000000002 /* Release */ = {
			isa = XCBuildConfiguration;
			buildSettings = {
				ALWAYS_SEARCH_USER_PATHS = NO;
				ASSETCATALOG_COMPILER_GENERATE_SWIFT_ASSET_SYMBOL_EXTENSIONS = YES;
				CLANG_ANALYZER_NONNULL = YES;
				CLANG_ANALYZER_NUMBER_OBJECT_CONVERSION = YES_AGGRESSIVE;
				CLANG_CXX_LANGUAGE_STANDARD = "gnu++20";
				CLANG_ENABLE_MODULES = YES;
				CLANG_ENABLE_OBJC_ARC = YES;
				CLANG_ENABLE_OBJC_WEAK = YES;
				CLANG_WARN_BLOCK_CAPTURE_AUTORELEASING = YES;
				CLANG_WARN_BOOL_CONVERSION = YES;
				CLANG_WARN_COMMA = YES;
				CLANG_WARN_CONSTANT_CONVERSION = YES;
				CLANG_WARN_DEPRECATED_OBJC_IMPLEMENTATIONS = YES;
				CLANG_WARN_DIRECT_OBJC_ISA_USAGE = YES_ERROR;
				CLANG_WARN_DOCUMENTATION_COMMENTS = YES;
				CLANG_WARN_EMPTY_BODY = YES;
				CLANG_WARN_ENUM_CONVERSION = YES;
				CLANG_WARN_INFINITE_RECURSION = YES;
				CLANG_WARN_INT_CONVERSION = YES;
				CLANG_WARN_NON_LITERAL_NULL_CONVERSION = YES;
				CLANG_WARN_OBJC_IMPLICIT_RETAIN_SELF = YES;
				CLANG_WARN_OBJC_LITERAL_CONVERSION = YES;
				CLANG_WARN_OBJC_ROOT_CLASS = YES_ERROR;
				CLANG_WARN_QUOTED_INCLUDE_IN_FRAMEWORK_HEADER = YES;
				CLANG_WARN_RANGE_LOOP_ANALYSIS = YES;
				CLANG_WARN_STRICT_PROTOTYPES = YES;
				CLANG_WARN_SUSPICIOUS_MOVE = YES;
				CLANG_WARN_UNGUARDED_AVAILABILITY = YES_AGGRESSIVE;
				CLANG_WARN_UNREACHABLE_CODE = YES;
				CLANG_WARN__DUPLICATE_METHOD_MATCH = YES;
				COPY_PHASE_STRIP = NO;
				DEBUG_INFORMATION_FORMAT = "dwarf-with-dsym";
				ENABLE_NS_ASSERTIONS = NO;
				ENABLE_STRICT_OBJC_MSGSEND = YES;
				ENABLE_USER_SCRIPT_SANDBOXING = YES;
				GCC_C_LANGUAGE_STANDARD = gnu17;
				GCC_NO_COMMON_BLOCKS = YES;
				GCC_WARN_64_TO_32_BIT_CONVERSION = YES;
				GCC_WARN_ABOUT_RETURN_TYPE = YES_ERROR;
				GCC_WARN_UNDECLARED_SELECTOR = YES;
				GCC_WARN_UNINITIALIZED_AUTOS = YES_AGGRESSIVE;
				GCC_WARN_UNUSED_FUNCTION = YES;
				GCC_WARN_UNUSED_VARIABLE = YES;
				IPHONEOS_DEPLOYMENT_TARGET = 17.0;
				LOCALIZATION_PREFERS_STRING_CATALOGS = YES;
				MTL_ENABLE_DEBUG_INFO = NO;
				MTL_FAST_MATH = YES;
				SDKROOT = iphoneos;
				SWIFT_COMPILATION_MODE = wholemodule;
				VALIDATE_PRODUCT = YES;
			};
			name = Release;
		};
		T90000030000000000000003 /* Debug */ = {
			isa = XCBuildConfiguration;
			buildSettings = {
				ASSETCATALOG_COMPILER_APPICON_NAME = AppIcon;
				ASSETCATALOG_COMPILER_GLOBAL_ACCENT_COLOR_NAME = AccentColor;
				CODE_SIGN_STYLE = Automatic;
				CURRENT_PROJECT_VERSION = 16;
				CODE_SIGN_ENTITLEMENTS = Tally/Tally.entitlements;
				DEVELOPMENT_TEAM = 64SHX24AWR;
				ENABLE_PREVIEWS = YES;
				GENERATE_INFOPLIST_FILE = YES;
				INFOPLIST_FILE = Tally/Info.plist;
				INFOPLIST_KEY_CFBundleDisplayName = "탈리 - 심플 카운터";
				INFOPLIST_KEY_UIApplicationSceneManifest_Generation = YES;
				INFOPLIST_KEY_UIApplicationSupportsIndirectInputEvents = YES;
				INFOPLIST_KEY_UILaunchScreen_Generation = YES;
				INFOPLIST_KEY_UISupportedInterfaceOrientations_iPad = "UIInterfaceOrientationPortrait UIInterfaceOrientationPortraitUpsideDown UIInterfaceOrientationLandscapeLeft UIInterfaceOrientationLandscapeRight";
				INFOPLIST_KEY_UISupportedInterfaceOrientations_iPhone = "UIInterfaceOrientationPortrait UIInterfaceOrientationLandscapeLeft UIInterfaceOrientationLandscapeRight";
				LD_RUNPATH_SEARCH_PATHS = (
					"$(inherited)",
					"@executable_path/Frameworks",
				);
				MARKETING_VERSION = 1.0;
				PRODUCT_BUNDLE_IDENTIFIER = com.lovebridge.tally;
				PRODUCT_NAME = "$(TARGET_NAME)";
				SWIFT_EMIT_LOC_STRINGS = YES;
				SWIFT_VERSION = 5.0;
				TARGETED_DEVICE_FAMILY = "1";
			};
			name = Debug;
		};
		T90000040000000000000004 /* Release */ = {
			isa = XCBuildConfiguration;
			buildSettings = {
				ASSETCATALOG_COMPILER_APPICON_NAME = AppIcon;
				ASSETCATALOG_COMPILER_GLOBAL_ACCENT_COLOR_NAME = AccentColor;
				CODE_SIGN_STYLE = Automatic;
				CURRENT_PROJECT_VERSION = 16;
				CODE_SIGN_ENTITLEMENTS = Tally/Tally.entitlements;
				DEVELOPMENT_TEAM = 64SHX24AWR;
				ENABLE_PREVIEWS = YES;
				GENERATE_INFOPLIST_FILE = YES;
				INFOPLIST_FILE = Tally/Info.plist;
				INFOPLIST_KEY_CFBundleDisplayName = "탈리 - 심플 카운터";
				INFOPLIST_KEY_UIApplicationSceneManifest_Generation = YES;
				INFOPLIST_KEY_UIApplicationSupportsIndirectInputEvents = YES;
				INFOPLIST_KEY_UILaunchScreen_Generation = YES;
				INFOPLIST_KEY_UISupportedInterfaceOrientations_iPad = "UIInterfaceOrientationPortrait UIInterfaceOrientationPortraitUpsideDown UIInterfaceOrientationLandscapeLeft UIInterfaceOrientationLandscapeRight";
				INFOPLIST_KEY_UISupportedInterfaceOrientations_iPhone = "UIInterfaceOrientationPortrait UIInterfaceOrientationLandscapeLeft UIInterfaceOrientationLandscapeRight";
				LD_RUNPATH_SEARCH_PATHS = (
					"$(inherited)",
					"@executable_path/Frameworks",
				);
				MARKETING_VERSION = 1.0;
				PRODUCT_BUNDLE_IDENTIFIER = com.lovebridge.tally;
				PRODUCT_NAME = "$(TARGET_NAME)";
				SWIFT_EMIT_LOC_STRINGS = YES;
				SWIFT_VERSION = 5.0;
				TARGETED_DEVICE_FAMILY = "1";
			};
			name = Release;
		};
		W90000010000000000000001 /* Debug */ = {
			isa = XCBuildConfiguration;
			buildSettings = {
				ASSETCATALOG_COMPILER_APPICON_NAME = AppIcon;
				ASSETCATALOG_COMPILER_GLOBAL_ACCENT_COLOR_NAME = AccentColor;
				CODE_SIGN_STYLE = Automatic;
				CURRENT_PROJECT_VERSION = 16;
				DEVELOPMENT_TEAM = 64SHX24AWR;
				ENABLE_PREVIEWS = YES;
				GENERATE_INFOPLIST_FILE = YES;
				INFOPLIST_KEY_CFBundleDisplayName = "탈리 - 심플 카운터";
				INFOPLIST_KEY_UISupportedInterfaceOrientations = "UIInterfaceOrientationPortrait UIInterfaceOrientationPortraitUpsideDown";
				INFOPLIST_KEY_WKCompanionAppBundleIdentifier = com.lovebridge.tally;
				LD_RUNPATH_SEARCH_PATHS = (
					"$(inherited)",
					"@executable_path/Frameworks",
				);
				MARKETING_VERSION = 1.0;
				PRODUCT_BUNDLE_IDENTIFIER = com.lovebridge.tally.watchkitapp;
				PRODUCT_NAME = "$(TARGET_NAME)";
				SDKROOT = watchos;
				SKIP_INSTALL = YES;
				SWIFT_EMIT_LOC_STRINGS = YES;
				SWIFT_VERSION = 5.0;
				TARGETED_DEVICE_FAMILY = 4;
				WATCHOS_DEPLOYMENT_TARGET = 10.0;
			};
			name = Debug;
		};
		W90000020000000000000002 /* Release */ = {
			isa = XCBuildConfiguration;
			buildSettings = {
				ASSETCATALOG_COMPILER_APPICON_NAME = AppIcon;
				ASSETCATALOG_COMPILER_GLOBAL_ACCENT_COLOR_NAME = AccentColor;
				CODE_SIGN_STYLE = Automatic;
				CURRENT_PROJECT_VERSION = 16;
				DEVELOPMENT_TEAM = 64SHX24AWR;
				ENABLE_PREVIEWS = YES;
				GENERATE_INFOPLIST_FILE = YES;
				INFOPLIST_KEY_CFBundleDisplayName = "탈리 - 심플 카운터";
				INFOPLIST_KEY_UISupportedInterfaceOrientations = "UIInterfaceOrientationPortrait UIInterfaceOrientationPortraitUpsideDown";
				INFOPLIST_KEY_WKCompanionAppBundleIdentifier = com.lovebridge.tally;
				LD_RUNPATH_SEARCH_PATHS = (
					"$(inherited)",
					"@executable_path/Frameworks",
				);
				MARKETING_VERSION = 1.0;
				PRODUCT_BUNDLE_IDENTIFIER = com.lovebridge.tally.watchkitapp;
				PRODUCT_NAME = "$(TARGET_NAME)";
				SDKROOT = watchos;
				SKIP_INSTALL = YES;
				SWIFT_EMIT_LOC_STRINGS = YES;
				SWIFT_VERSION = 5.0;
				TARGETED_DEVICE_FAMILY = 4;
				VALIDATE_PRODUCT = YES;
				WATCHOS_DEPLOYMENT_TARGET = 10.0;
			};
			name = Release;
		};
		X90000010000000000000001 /* Debug */ = {
			isa = XCBuildConfiguration;
			buildSettings = {
				ASSETCATALOG_COMPILER_GLOBAL_ACCENT_COLOR_NAME = AccentColor;
				ASSETCATALOG_COMPILER_WIDGET_BACKGROUND_COLOR_NAME = WidgetBackground;
				CODE_SIGN_STYLE = Automatic;
				CURRENT_PROJECT_VERSION = 16;
				CODE_SIGN_ENTITLEMENTS = TallyWidget/TallyWidget.entitlements;
				DEVELOPMENT_TEAM = 64SHX24AWR;
				GENERATE_INFOPLIST_FILE = YES;
				INFOPLIST_FILE = TallyWidget/Info.plist;
				INFOPLIST_KEY_CFBundleDisplayName = "탈리 위젯";
				INFOPLIST_KEY_NSHumanReadableCopyright = "";
				LD_RUNPATH_SEARCH_PATHS = (
					"$(inherited)",
					"@executable_path/Frameworks",
					"@executable_path/../../Frameworks",
				);
				MARKETING_VERSION = 1.0;
				PRODUCT_BUNDLE_IDENTIFIER = com.lovebridge.tally.widget;
				PRODUCT_NAME = "$(TARGET_NAME)";
				SKIP_INSTALL = YES;
				SWIFT_EMIT_LOC_STRINGS = YES;
				SWIFT_VERSION = 5.0;
				TARGETED_DEVICE_FAMILY = "1";
			};
			name = Debug;
		};
		X90000020000000000000002 /* Release */ = {
			isa = XCBuildConfiguration;
			buildSettings = {
				ASSETCATALOG_COMPILER_GLOBAL_ACCENT_COLOR_NAME = AccentColor;
				ASSETCATALOG_COMPILER_WIDGET_BACKGROUND_COLOR_NAME = WidgetBackground;
				CODE_SIGN_STYLE = Automatic;
				CURRENT_PROJECT_VERSION = 16;
				CODE_SIGN_ENTITLEMENTS = TallyWidget/TallyWidget.entitlements;
				DEVELOPMENT_TEAM = 64SHX24AWR;
				GENERATE_INFOPLIST_FILE = YES;
				INFOPLIST_FILE = TallyWidget/Info.plist;
				INFOPLIST_KEY_CFBundleDisplayName = "탈리 위젯";
				INFOPLIST_KEY_NSHumanReadableCopyright = "";
				LD_RUNPATH_SEARCH_PATHS = (
					"$(inherited)",
					"@executable_path/Frameworks",
					"@executable_path/../../Frameworks",
				);
				MARKETING_VERSION = 1.0;
				PRODUCT_BUNDLE_IDENTIFIER = com.lovebridge.tally.widget;
				PRODUCT_NAME = "$(TARGET_NAME)";
				SKIP_INSTALL = YES;
				SWIFT_EMIT_LOC_STRINGS = YES;
				SWIFT_VERSION = 5.0;
				TARGETED_DEVICE_FAMILY = "1";
				VALIDATE_PRODUCT = YES;
			};
			name = Release;
		};
/* End XCBuildConfiguration section */

/* Begin XCConfigurationList section */
		T80000010000000000000001 /* Build configuration list for PBXProject "Tally" */ = {
			isa = XCConfigurationList;
			buildConfigurations = (
				T90000010000000000000001 /* Debug */,
				T90000020000000000000002 /* Release */,
			);
			defaultConfigurationIsVisible = 0;
			defaultConfigurationName = Release;
		};
		T80000020000000000000002 /* Build configuration list for PBXNativeTarget "Tally" */ = {
			isa = XCConfigurationList;
			buildConfigurations = (
				T90000030000000000000003 /* Debug */,
				T90000040000000000000004 /* Release */,
			);
			defaultConfigurationIsVisible = 0;
			defaultConfigurationName = Release;
		};
		W80000020000000000000002 /* Build configuration list for PBXNativeTarget "TallyWatch" */ = {
			isa = XCConfigurationList;
			buildConfigurations = (
				W90000010000000000000001 /* Debug */,
				W90000020000000000000002 /* Release */,
			);
			defaultConfigurationIsVisible = 0;
			defaultConfigurationName = Release;
		};
		X80000010000000000000001 /* Build configuration list for PBXNativeTarget "TallyWidgetExtension" */ = {
			isa = XCConfigurationList;
			buildConfigurations = (
				X90000010000000000000001 /* Debug */,
				X90000020000000000000002 /* Release */,
			);
			defaultConfigurationIsVisible = 0;
			defaultConfigurationName = Release;
		};
/* End XCConfigurationList section */
	};
	rootObject = T60000020000000000000002 /* Project object */;
}
